// !$*UTF8*$!
{
	archiveVersion = 1;
	classes = {
	};
	objectVersion = 46;
	objects = {

/* Begin PBXBuildFile section */
		C3AECA261CACCFC0007DA960 /* main.m in Sources */ = {isa = PBXBuildFile; fileRef = C3AECA251CACCFC0007DA960 /* main.m */; };
		C3AECA291CACCFC0007DA960 /* AppDelegate.m in Sources */ = {isa = PBXBuildFile; fileRef = C3AECA281CACCFC0007DA960 /* AppDelegate.m */; };
		C3AECA2C1CACCFC0007DA960 /* ViewController.m in Sources */ = {isa = PBXBuildFile; fileRef = C3AECA2B1CACCFC0007DA960 /* ViewController.m */; };
		C3AECA2F1CACCFC0007DA960 /* Main.storyboard in Resources */ = {isa = PBXBuildFile; fileRef = C3AECA2D1CACCFC0007DA960 /* Main.storyboard */; };
		C3AECA311CACCFC0007DA960 /* Assets.xcassets in Resources */ = {isa = PBXBuildFile; fileRef = C3AECA301CACCFC0007DA960 /* Assets.xcassets */; };
		C3AECA341CACCFC0007DA960 /* LaunchScreen.storyboard in Resources */ = {isa = PBXBuildFile; fileRef = C3AECA321CACCFC0007DA960 /* LaunchScreen.storyboard */; };
		C3AECA3D1CACD2D9007DA960 /* DRImageCropperViewController.swift in Sources */ = {isa = PBXBuildFile; fileRef = C3AECA3C1CACD2D9007DA960 /* DRImageCropperViewController.swift */; };
/* End PBXBuildFile section */

/* Begin PBXFileReference section */
		C3AECA211CACCFC0007DA960 /* DRImageCropperDemo.app */ = {isa = PBXFileReference; explicitFileType = wrapper.application; includeInIndex = 0; path = DRImageCropperDemo.app; sourceTree = BUILT_PRODUCTS_DIR; };
		C3AECA251CACCFC0007DA960 /* main.m */ = {isa = PBXFileReference; lastKnownFileType = sourcecode.c.objc; path = main.m; sourceTree = "<group>"; };
		C3AECA271CACCFC0007DA960 /* AppDelegate.h */ = {isa = PBXFileReference; lastKnownFileType = sourcecode.c.h; path = AppDelegate.h; sourceTree = "<group>"; };
		C3AECA281CACCFC0007DA960 /* AppDelegate.m */ = {isa = PBXFileReference; lastKnownFileType = sourcecode.c.objc; path = AppDelegate.m; sourceTree = "<group>"; };
		C3AECA2A1CACCFC0007DA960 /* ViewController.h */ = {isa = PBXFileReference; lastKnownFileType = sourcecode.c.h; path = ViewController.h; sourceTree = "<group>"; };
		C3AECA2B1CACCFC0007DA960 /* ViewController.m */ = {isa = PBXFileReference; lastKnownFileType = sourcecode.c.objc; path = ViewController.m; sourceTree = "<group>"; };
		C3AECA2E1CACCFC0007DA960 /* Base */ = {isa = PBXFileReference; lastKnownFileType = file.storyboard; name = Base; path = Base.lproj/Main.storyboard; sourceTree = "<group>"; };
		C3AECA301CACCFC0007DA960 /* Assets.xcassets */ = {isa = PBXFileReference; lastKnownFileType = folder.assetcatalog; path = Assets.xcassets; sourceTree = "<group>"; };
		C3AECA331CACCFC0007DA960 /* Base */ = {isa = PBXFileReference; lastKnownFileType = file.storyboard; name = Base; path = Base.lproj/LaunchScreen.storyboard; sourceTree = "<group>"; };
		C3AECA351CACCFC0007DA960 /* Info.plist */ = {isa = PBXFileReference; lastKnownFileType = text.plist.xml; path = Info.plist; sourceTree = "<group>"; };
		C3AECA3B1CACD2D8007DA960 /* DRImageCropperDemo-Bridging-Header.h */ = {isa = PBXFileReference; lastKnownFileType = sourcecode.c.h; path = "DRImageCropperDemo-Bridging-Header.h"; sourceTree = "<group>"; };
		C3AECA3C1CACD2D9007DA960 /* DRImageCropperViewController.swift */ = {isa = PBXFileReference; fileEncoding = 4; lastKnownFileType = sourcecode.swift; path = DRImageCropperViewController.swift; sourceTree = "<group>"; };
/* End PBXFileReference section */

/* Begin PBXFrameworksBuildPhase section */
		C3AECA1E1CACCFC0007DA960 /* Frameworks */ = {
			isa = PBXFrameworksBuildPhase;
			buildActionMask = 2147483647;
			files = (
			);
			runOnlyForDeploymentPostprocessing = 0;
		};
/* End PBXFrameworksBuildPhase section */

/* Begin PBXGroup section */
		C3AECA181CACCFC0007DA960 = {
			isa = PBXGroup;
			children = (
				C3AECA231CACCFC0007DA960 /* DRImageCropperDemo */,
				C3AECA221CACCFC0007DA960 /* Products */,
			);
			sourceTree = "<group>";
		};
		C3AECA221CACCFC0007DA960 /* Products */ = {
			isa = PBXGroup;
			children = (
				C3AECA211CACCFC0007DA960 /* DRImageCropperDemo.app */,
			);
			name = Products;
			sourceTree = "<group>";
		};
		C3AECA231CACCFC0007DA960 /* DRImageCropperDemo */ = {
			isa = PBXGroup;
			children = (
				C3AECA3C1CACD2D9007DA960 /* DRImageCropperViewController.swift */,
				C3AECA271CACCFC0007DA960 /* AppDelegate.h */,
				C3AECA281CACCFC0007DA960 /* AppDelegate.m */,
				C3AECA2A1CACCFC0007DA960 /* ViewController.h */,
				C3AECA2B1CACCFC0007DA960 /* ViewController.m */,
				C3AECA2D1CACCFC0007DA960 /* Main.storyboard */,
				C3AECA301CACCFC0007DA960 /* Assets.xcassets */,
				C3AECA321CACCFC0007DA960 /* LaunchScreen.storyboard */,
				C3AECA351CACCFC0007DA960 /* Info.plist */,
				C3AECA241CACCFC0007DA960 /* Supporting Files */,
				C3AECA3B1CACD2D8007DA960 /* DRImageCropperDemo-Bridging-Header.h */,
			);
			path = DRImageCropperDemo;
			sourceTree = "<group>";
		};
		C3AECA241CACCFC0007DA960 /* Supporting Files */ = {
			isa = PBXGroup;
			children = (
				C3AECA251CACCFC0007DA960 /* main.m */,
			);
			name = "Supporting Files";
			sourceTree = "<group>";
		};
/* End PBXGroup section */

/* Begin PBXNativeTarget section */
		C3AECA201CACCFC0007DA960 /* DRImageCropperDemo */ = {
			isa = PBXNativeTarget;
			buildConfigurationList = C3AECA381CACCFC0007DA960 /* Build configuration list for PBXNativeTarget "DRImageCropperDemo" */;
			buildPhases = (
				C3AECA1D1CACCFC0007DA960 /* Sources */,
				C3AECA1E1CACCFC0007DA960 /* Frameworks */,
				C3AECA1F1CACCFC0007DA960 /* Resources */,
			);
			buildRules = (
			);
			dependencies = (
			);
			name = DRImageCropperDemo;
			productName = DRImageCropperDemo;
			productReference = C3AECA211CACCFC0007DA960 /* DRImageCropperDemo.app */;
			productType = "com.apple.product-type.application";
		};
/* End PBXNativeTarget section */

/* Begin PBXProject section */
		C3AECA191CACCFC0007DA960 /* Project object */ = {
			isa = PBXProject;
			attributes = {
				LastUpgradeCheck = 0720;
				ORGANIZATIONNAME = "Xiaoqiang Zhang";
				TargetAttributes = {
					C3AECA201CACCFC0007DA960 = {
						CreatedOnToolsVersion = 7.2.1;
					};
				};
			};
			buildConfigurationList = C3AECA1C1CACCFC0007DA960 /* Build configuration list for PBXProject "DRImageCropperDemo" */;
			compatibilityVersion = "Xcode 3.2";
			developmentRegion = English;
			hasScannedForEncodings = 0;
			knownRegions = (
				en,
				Base,
			);
			mainGroup = C3AECA181CACCFC0007DA960;
			productRefGroup = C3AECA221CACCFC0007DA960 /* Products */;
			projectDirPath = "";
			projectRoot = "";
			targets = (
				C3AECA201CACCFC0007DA960 /* DRImageCropperDemo */,
			);
		};
/* End PBXProject section */

/* Begin PBXResourcesBuildPhase section */
		C3AECA1F1CACCFC0007DA960 /* Resources */ = {
			isa = PBXResourcesBuildPhase;
			buildActionMask = 2147483647;
			files = (
				C3AECA341CACCFC0007DA960 /* LaunchScreen.storyboard in Resources */,
				C3AECA311CACCFC0007DA960 /* Assets.xcassets in Resources */,
				C3AECA2F1CACCFC0007DA960 /* Main.storyboard in Resources */,
			);
			runOnlyForDeploymentPostprocessing = 0;
		};
/* End PBXResourcesBuildPhase section */

/* Begin PBXSourcesBuildPhase section */
		C3AECA1D1CACCFC0007DA960 /* Sources */ = {
			isa = PBXSourcesBuildPhase;
			buildActionMask = 2147483647;
			files = (
				C3AECA3D1CACD2D9007DA960 /* DRImageCropperViewController.swift in Sources */,
				C3AECA2C1CACCFC0007DA960 /* ViewController.m in Sources */,
				C3AECA291CACCFC0007DA960 /* AppDelegate.m in Sources */,
				C3AECA261CACCFC0007DA960 /* main.m in Sources */,
			);
			runOnlyForDeploymentPostprocessing = 0;
		};
/* End PBXSourcesBuildPhase section */

/* Begin PBXVariantGroup section */
		C3AECA2D1CACCFC0007DA960 /* Main.storyboard */ = {
			isa = PBXVariantGroup;
			children = (
				C3AECA2E1CACCFC0007DA960 /* Base */,
			);
			name = Main.storyboard;
			sourceTree = "<group>";
		};
		C3AECA321CACCFC0007DA960 /* LaunchScreen.storyboard */ = {
			isa = PBXVariantGroup;
			children = (
				C3AECA331CACCFC0007DA960 /* Base */,
			);
			name = LaunchScreen.storyboard;
			sourceTree = "<group>";
		};
/* End PBXVariantGroup section */

/* Begin XCBuildConfiguration section */
		C3AECA361CACCFC0007DA960 /* Debug */ = {
			isa = XCBuildConfiguration;
			buildSettings = {
				ALWAYS_SEARCH_USER_PATHS = NO;
				CLANG_CXX_LANGUAGE_STANDARD = "gnu++0x";
				CLANG_CXX_LIBRARY = "libc++";
				CLANG_ENABLE_MODULES = YES;
				CLANG_ENABLE_OBJC_ARC = YES;
				CLANG_WARN_BOOL_CONVERSION = YES;
				CLANG_WARN_CONSTANT_CONVERSION = YES;
				CLANG_WARN_DIRECT_OBJC_ISA_USAGE = YES_ERROR;
				CLANG_WARN_EMPTY_BODY = YES;
				CLANG_WARN_ENUM_CONVERSION = YES;
				CLANG_WARN_INT_CONVERSION = YES;
				CLANG_WARN_OBJC_ROOT_CLASS = YES_ERROR;
				CLANG_WARN_UNREACHABLE_CODE = YES;
				CLANG_WARN__DUPLICATE_METHOD_MATCH = YES;
				"CODE_SIGN_IDENTITY[sdk=iphoneos*]" = "iPhone Developer";
				COPY_PHASE_STRIP = NO;
				DEBUG_INFORMATION_FORMAT = dwarf;
				ENABLE_STRICT_OBJC_MSGSEND = YES;
				ENABLE_TESTABILITY = YES;
				GCC_C_LANGUAGE_STANDARD = gnu99;
				GCC_DYNAMIC_NO_PIC = NO;
				GCC_NO_COMMON_BLOCKS = YES;
				GCC_OPTIMIZATION_LEVEL = 0;
				GCC_PREPROCESSOR_DEFINITIONS = (
					"DEBUG=1",
					"$(inherited)",
				);
				GCC_WARN_64_TO_32_BIT_CONVERSION = YES;
				GCC_WARN_ABOUT_RETURN_TYPE = YES_ERROR;
				GCC_WARN_UNDECLARED_SELECTOR = YES;
				GCC_WARN_UNINITIALIZED_AUTOS = YES_AGGRESSIVE;
				GCC_WARN_UNUSED_FUNCTION = YES;
				GCC_WARN_UNUSED_VARIABLE = YES;
				IPHONEOS_DEPLOYMENT_TARGET = 9.2;
				MTL_ENABLE_DEBUG_INFO = YES;
				ONLY_ACTIVE_ARCH = YES;
				SDKROOT = iphoneos;
			};
			name = Debug;
		};
		C3AECA371CACCFC0007DA960 /* Release */ = {
			isa = XCBuildConfiguration;
			buildSettings = {
				ALWAYS_SEARCH_USER_PATHS = NO;
				CLANG_CXX_LANGUAGE_STANDARD = "gnu++0x";
				CLANG_CXX_LIBRARY = "libc++";
				CLANG_ENABLE_MODULES = YES;
				CLANG_ENABLE_OBJC_ARC = YES;
				CLANG_WARN_BOOL_CONVERSION = YES;
				CLANG_WARN_CONSTANT_CONVERSION = YES;
				CLANG_WARN_DIRECT_OBJC_ISA_USAGE = YES_ERROR;
				CLANG_WARN_EMPTY_BODY = YES;
				CLANG_WARN_ENUM_CONVERSION = YES;
				CLANG_WARN_INT_CONVERSION = YES;
				CLANG_WARN_OBJC_ROOT_CLASS = YES_ERROR;
				CLANG_WARN_UNREACHABLE_CODE = YES;
				CLANG_WARN__DUPLICATE_METHOD_MATCH = YES;
				"CODE_SIGN_IDENTITY[sdk=iphoneos*]" = "iPhone Developer";
				COPY_PHASE_STRIP = NO;
				DEBUG_INFORMATION_FORMAT = "dwarf-with-dsym";
				ENABLE_NS_ASSERTIONS = NO;
				ENABLE_STRICT_OBJC_MSGSEND = YES;
				GCC_C_LANGUAGE_STANDARD = gnu99;
				GCC_NO_COMMON_BLOCKS = YES;
				GCC_WARN_64_TO_32_BIT_CONVERSION = YES;
				GCC_WARN_ABOUT_RETURN_TYPE = YES_ERROR;
				GCC_WARN_UNDECLARED_SELECTOR = YES;
				GCC_WARN_UNINITIALIZED_AUTOS = YES_AGGRESSIVE;
				GCC_WARN_UNUSED_FUNCTION = YES;
				GCC_WARN_UNUSED_VARIABLE = YES;
				IPHONEOS_DEPLOYMENT_TARGET = 9.2;
				MTL_ENABLE_DEBUG_INFO = NO;
				SDKROOT = iphoneos;
				VALIDATE_PRODUCT = YES;
			};
			name = Release;
		};
		C3AECA391CACCFC0007DA960 /* Debug */ = {
			isa = XCBuildConfiguration;
			buildSettings = {
				ASSETCATALOG_COMPILER_APPICON_NAME = AppIcon;
				CLANG_ENABLE_MODULES = YES;
				INFOPLIST_FILE = DRImageCropperDemo/Info.plist;
				LD_RUNPATH_SEARCH_PATHS = "$(inherited) @executable_path/Frameworks";
				PRODUCT_BUNDLE_IDENTIFIER = com.ideabinder.DRImageCropperDemo;
				PRODUCT_NAME = "$(TARGET_NAME)";
				SWIFT_OBJC_BRIDGING_HEADER = "DRImageCropperDemo/DRImageCropperDemo-Bridging-Header.h";
				SWIFT_OPTIMIZATION_LEVEL = "-Onone";
			};
			name = Debug;
		};
		C3AECA3A1CACCFC0007DA960 /* Release */ = {
			isa = XCBuildConfiguration;
			buildSettings = {
				ASSETCATALOG_COMPILER_APPICON_NAME = AppIcon;
				CLANG_ENABLE_MODULES = YES;
				INFOPLIST_FILE = DRImageCropperDemo/Info.plist;
				LD_RUNPATH_SEARCH_PATHS = "$(inherited) @executable_path/Frameworks";
				PRODUCT_BUNDLE_IDENTIFIER = com.ideabinder.DRImageCropperDemo;
				PRODUCT_NAME = "$(TARGET_NAME)";
				SWIFT_OBJC_BRIDGING_HEADER = "DRImageCropperDemo/DRImageCropperDemo-Bridging-Header.h";
			};
			name = Release;
		};
/* End XCBuildConfiguration section */

/* Begin XCConfigurationList section */
		C3AECA1C1CACCFC0007DA960 /* Build configuration list for PBXProject "DRImageCropperDemo" */ = {
			isa = XCConfigurationList;
			buildConfigurations = (
				C3AECA361CACCFC0007DA960 /* Debug */,
				C3AECA371CACCFC0007DA960 /* Release */,
			);
			defaultConfigurationIsVisible = 0;
			defaultConfigurationName = Release;
		};
		C3AECA381CACCFC0007DA960 /* Build configuration list for PBXNativeTarget "DRImageCropperDemo" */ = {
			isa = XCConfigurationList;
			buildConfigurations = (
				C3AECA391CACCFC0007DA960 /* Debug */,
				C3AECA3A1CACCFC0007DA960 /* Release */,
			);
			defaultConfigurationIsVisible = 0;
		};
/* End XCConfigurationList section */
	};
	rootObject = C3AECA191CACCFC0007DA960 /* Project object */;
}
